
Microsoft Visual Studio Solution File, Format Version 12.00
# Visual Studio 15
VisualStudioVersion = 15.0.26430.15
MinimumVisualStudioVersion = 10.0.40219.1
Project("{FAE04EC0-301F-11D3-BF4B-00C04F79EFBC}") = "seleniumtests", "seleniumtests.csproj", "{3DB7CC47-1E39-43C0-B348-9EEDA4E384FF}"
EndProject
Project("{FAE04EC0-301F-11D3-BF4B-00C04F79EFBC}") = "pagefactory", "..\pagefactory\pagefactory.csproj", "{9E7A6FB2-987A-4039-B2B6-C80C50A1EC62}"
EndProject
Project("{FAE04EC0-301F-11D3-BF4B-00C04F79EFBC}") = "environments", "..\environments\environments.csproj", "{66F5A30A-2347-46E8-BF89-7E5578842EB0}"
EndProject
Project("{FAE04EC0-301F-11D3-BF4B-00C04F79EFBC}") = "genericutils", "..\genericutils\genericutils.csproj", "{0730306B-C145-48A4-886D-727E0B8BFD90}"
EndProject
Project("{FAE04EC0-301F-11D3-BF4B-00C04F79EFBC}") = "logging", "..\logging\logging.csproj", "{F20AEE26-2222-4EF8-B5DC-3225066352AB}"
EndProject
Global
	GlobalSection(SolutionConfigurationPlatforms) = preSolution
		Debug|Any CPU = Debug|Any CPU
		Release|Any CPU = Release|Any CPU
	EndGlobalSection
	GlobalSection(ProjectConfigurationPlatforms) = postSolution
		{3DB7CC47-1E39-43C0-B348-9EEDA4E384FF}.Debug|Any CPU.ActiveCfg = Debug|Any CPU
		{3DB7CC47-1E39-43C0-B348-9EEDA4E384FF}.Debug|Any CPU.Build.0 = Debug|Any CPU
		{3DB7CC47-1E39-43C0-B348-9EEDA4E384FF}.Release|Any CPU.ActiveCfg = Release|Any CPU
		{3DB7CC47-1E39-43C0-B348-9EEDA4E384FF}.Release|Any CPU.Build.0 = Release|Any CPU
		{9E7A6FB2-987A-4039-B2B6-C80C50A1EC62}.Debug|Any CPU.ActiveCfg = Debug|Any CPU
		{9E7A6FB2-987A-4039-B2B6-C80C50A1EC62}.Debug|Any CPU.Build.0 = Debug|Any CPU
		{9E7A6FB2-987A-4039-B2B6-C80C50A1EC62}.Release|Any CPU.ActiveCfg = Release|Any CPU
		{9E7A6FB2-987A-4039-B2B6-C80C50A1EC62}.Release|Any CPU.Build.0 = Release|Any CPU
		{66F5A30A-2347-46E8-BF89-7E5578842EB0}.Debug|Any CPU.ActiveCfg = Debug|Any CPU
		{66F5A30A-2347-46E8-BF89-7E5578842EB0}.Debug|Any CPU.Build.0 = Debug|Any CPU
		{66F5A30A-2347-46E8-BF89-7E5578842EB0}.Release|Any CPU.ActiveCfg = Release|Any CPU
		{66F5A30A-2347-46E8-BF89-7E5578842EB0}.Release|Any CPU.Build.0 = Release|Any CPU
		{0730306B-C145-48A4-886D-727E0B8BFD90}.Debug|Any CPU.ActiveCfg = Debug|Any CPU
		{0730306B-C145-48A4-886D-727E0B8BFD90}.Debug|Any CPU.Build.0 = Debug|Any CPU
		{0730306B-C145-48A4-886D-727E0B8BFD90}.Release|Any CPU.ActiveCfg = Release|Any CPU
		{0730306B-C145-48A4-886D-727E0B8BFD90}.Release|Any CPU.Build.0 = Release|Any CPU
		{F20AEE26-2222-4EF8-B5DC-3225066352AB}.Debug|Any CPU.ActiveCfg = Debug|Any CPU
		{F20AEE26-2222-4EF8-B5DC-3225066352AB}.Debug|Any CPU.Build.0 = Debug|Any CPU
		{F20AEE26-2222-4EF8-B5DC-3225066352AB}.Release|Any CPU.ActiveCfg = Release|Any CPU
		{F20AEE26-2222-4EF8-B5DC-3225066352AB}.Release|Any CPU.Build.0 = Release|Any CPU
	EndGlobalSection
	GlobalSection(SolutionProperties) = preSolution
		HideSolutionNode = FALSE
	EndGlobalSection
EndGlobal
